
Microsoft Visual Studio Solution File, Format Version 12.00
# Visual Studio Version 16
VisualStudioVersion = 16.0.30320.27
MinimumVisualStudioVersion = 10.0.40219.1
Project("{9A19103F-16F7-4668-BE54-9A1E7A4F7556}") = "rled-desktop", "rled-desktop\rled-desktop.csproj", "{286C79CA-9F9D-4293-A32E-3F8C992BE74C}"
EndProject
Project("{9092AA53-FB77-4645-B42D-1CCCA6BD08BD}") = "NodejsConsoleApp", "NodejsConsoleApp\NodejsConsoleApp.njsproj", "{8390341D-62C2-4DAC-956F-4D910B1628A4}"
EndProject
Global
	GlobalSection(SolutionConfigurationPlatforms) = preSolution
		Debug|Any CPU = Debug|Any CPU
		Release|Any CPU = Release|Any CPU
	EndGlobalSection
	GlobalSection(ProjectConfigurationPlatforms) = postSolution
		{286C79CA-9F9D-4293-A32E-3F8C992BE74C}.Debug|Any CPU.ActiveCfg = Debug|Any CPU
		{286C79CA-9F9D-4293-A32E-3F8C992BE74C}.Debug|Any CPU.Build.0 = Debug|Any CPU
		{286C79CA-9F9D-4293-A32E-3F8C992BE74C}.Release|Any CPU.ActiveCfg = Release|Any CPU
		{286C79CA-9F9D-4293-A32E-3F8C992BE74C}.Release|Any CPU.Build.0 = Release|Any CPU
		{8390341D-62C2-4DAC-956F-4D910B1628A4}.Debug|Any CPU.ActiveCfg = Debug|Any CPU
		{8390341D-62C2-4DAC-956F-4D910B1628A4}.Debug|Any CPU.Build.0 = Debug|Any CPU
		{8390341D-62C2-4DAC-956F-4D910B1628A4}.Release|Any CPU.ActiveCfg = Release|Any CPU
		{8390341D-62C2-4DAC-956F-4D910B1628A4}.Release|Any CPU.Build.0 = Release|Any CPU
	EndGlobalSection
	GlobalSection(SolutionProperties) = preSolution
		HideSolutionNode = FALSE
	EndGlobalSection
	GlobalSection(ExtensibilityGlobals) = postSolution
		SolutionGuid = {2D31A5B0-FF1C-49E4-9810-F1943A93FA34}
	EndGlobalSection
EndGlobal
